
Microsoft Visual Studio Solution File, Format Version 12.00
# Visual Studio Version 17
VisualStudioVersion = 17.5.33414.496
MinimumVisualStudioVersion = 10.0.40219.1
Project("{FAE04EC0-301F-11D3-BF4B-00C04F79EFBC}") = "Recipies.UWP", "Recipies.UWP\Recipies.UWP.csproj", "{E5D167FB-717D-4E17-A689-A484B4D0F2FA}"
EndProject
Project("{FAE04EC0-301F-11D3-BF4B-00C04F79EFBC}") = "Recipies.Android", "Recipies.Android\Recipies.Android.csproj", "{F129ACB9-B31A-48D7-B836-D85BDCE753DE}"
EndProject
Project("{FAE04EC0-301F-11D3-BF4B-00C04F79EFBC}") = "Recipies.iOS", "Recipies.iOS\Recipies.iOS.csproj", "{232EA898-3857-438D-8042-A9424B3DFA77}"
EndProject
Project("{FAE04EC0-301F-11D3-BF4B-00C04F79EFBC}") = "Recipies", "Recipies\Recipies.csproj", "{C4EA1EB8-FCD6-4E54-A2AD-1EB7E55BA2C5}"
EndProject
Global
	GlobalSection(SolutionConfigurationPlatforms) = preSolution
		Debug|Any CPU = Debug|Any CPU
		Debug|ARM = Debug|ARM
		Debug|iPhone = Debug|iPhone
		Debug|iPhoneSimulator = Debug|iPhoneSimulator
		Debug|x64 = Debug|x64
		Debug|x86 = Debug|x86
		Release|Any CPU = Release|Any CPU
		Release|ARM = Release|ARM
		Release|iPhone = Release|iPhone
		Release|iPhoneSimulator = Release|iPhoneSimulator
		Release|x64 = Release|x64
		Release|x86 = Release|x86
	EndGlobalSection
	GlobalSection(ProjectConfigurationPlatforms) = postSolution
		{E5D167FB-717D-4E17-A689-A484B4D0F2FA}.Debug|Any CPU.ActiveCfg = Debug|x64
		{E5D167FB-717D-4E17-A689-A484B4D0F2FA}.Debug|Any CPU.Build.0 = Debug|x64
		{E5D167FB-717D-4E17-A689-A484B4D0F2FA}.Debug|Any CPU.Deploy.0 = Debug|x64
		{E5D167FB-717D-4E17-A689-A484B4D0F2FA}.Debug|ARM.ActiveCfg = Debug|ARM
		{E5D167FB-717D-4E17-A689-A484B4D0F2FA}.Debug|ARM.Build.0 = Debug|ARM
		{E5D167FB-717D-4E17-A689-A484B4D0F2FA}.Debug|ARM.Deploy.0 = Debug|ARM
		{E5D167FB-717D-4E17-A689-A484B4D0F2FA}.Debug|iPhone.ActiveCfg = Debug|x64
		{E5D167FB-717D-4E17-A689-A484B4D0F2FA}.Debug|iPhone.Build.0 = Debug|x64
		{E5D167FB-717D-4E17-A689-A484B4D0F2FA}.Debug|iPhone.Deploy.0 = Debug|x64
		{E5D167FB-717D-4E17-A689-A484B4D0F2FA}.Debug|iPhoneSimulator.ActiveCfg = Debug|x64
		{E5D167FB-717D-4E17-A689-A484B4D0F2FA}.Debug|iPhoneSimulator.Build.0 = Debug|x64
		{E5D167FB-717D-4E17-A689-A484B4D0F2FA}.Debug|iPhoneSimulator.Deploy.0 = Debug|x64
		{E5D167FB-717D-4E17-A689-A484B4D0F2FA}.Debug|x64.ActiveCfg = Debug|x64
		{E5D167FB-717D-4E17-A689-A484B4D0F2FA}.Debug|x64.Build.0 = Debug|x64
		{E5D167FB-717D-4E17-A689-A484B4D0F2FA}.Debug|x64.Deploy.0 = Debug|x64
		{E5D167FB-717D-4E17-A689-A484B4D0F2FA}.Debug|x86.ActiveCfg = Debug|x86
		{E5D167FB-717D-4E17-A689-A484B4D0F2FA}.Debug|x86.Build.0 = Debug|x86
		{E5D167FB-717D-4E17-A689-A484B4D0F2FA}.Debug|x86.Deploy.0 = Debug|x86
		{E5D167FB-717D-4E17-A689-A484B4D0F2FA}.Release|Any CPU.ActiveCfg = Release|x64
		{E5D167FB-717D-4E17-A689-A484B4D0F2FA}.Release|Any CPU.Build.0 = Release|x64
		{E5D167FB-717D-4E17-A689-A484B4D0F2FA}.Release|Any CPU.Deploy.0 = Release|x64
		{E5D167FB-717D-4E17-A689-A484B4D0F2FA}.Release|ARM.ActiveCfg = Release|ARM
		{E5D167FB-717D-4E17-A689-A484B4D0F2FA}.Release|ARM.Build.0 = Release|ARM
		{E5D167FB-717D-4E17-A689-A484B4D0F2FA}.Release|ARM.Deploy.0 = Release|ARM
		{E5D167FB-717D-4E17-A689-A484B4D0F2FA}.Release|iPhone.ActiveCfg = Release|x64
		{E5D167FB-717D-4E17-A689-A484B4D0F2FA}.Release|iPhone.Build.0 = Release|x64
		{E5D167FB-717D-4E17-A689-A484B4D0F2FA}.Release|iPhone.Deploy.0 = Release|x64
		{E5D167FB-717D-4E17-A689-A484B4D0F2FA}.Release|iPhoneSimulator.ActiveCfg = Release|x64
		{E5D167FB-717D-4E17-A689-A484B4D0F2FA}.Release|iPhoneSimulator.Build.0 = Release|x64
		{E5D167FB-717D-4E17-A689-A484B4D0F2FA}.Release|iPhoneSimulator.Deploy.0 = Release|x64
		{E5D167FB-717D-4E17-A689-A484B4D0F2FA}.Release|x64.ActiveCfg = Release|x64
		{E5D167FB-717D-4E17-A689-A484B4D0F2FA}.Release|x64.Build.0 = Release|x64
		{E5D167FB-717D-4E17-A689-A484B4D0F2FA}.Release|x64.Deploy.0 = Release|x64
		{E5D167FB-717D-4E17-A689-A484B4D0F2FA}.Release|x86.ActiveCfg = Release|x86
		{E5D167FB-717D-4E17-A689-A484B4D0F2FA}.Release|x86.Build.0 = Release|x86
		{E5D167FB-717D-4E17-A689-A484B4D0F2FA}.Release|x86.Deploy.0 = Release|x86
		{F129ACB9-B31A-48D7-B836-D85BDCE753DE}.Debug|Any CPU.ActiveCfg = Debug|Any CPU
		{F129ACB9-B31A-48D7-B836-D85BDCE753DE}.Debug|Any CPU.Build.0 = Debug|Any CPU
		{F129ACB9-B31A-48D7-B836-D85BDCE753DE}.Debug|Any CPU.Deploy.0 = Debug|Any CPU
		{F129ACB9-B31A-48D7-B836-D85BDCE753DE}.Debug|ARM.ActiveCfg = Debug|Any CPU
		{F129ACB9-B31A-48D7-B836-D85BDCE753DE}.Debug|ARM.Build.0 = Debug|Any CPU
		{F129ACB9-B31A-48D7-B836-D85BDCE753DE}.Debug|ARM.Deploy.0 = Debug|Any CPU
		{F129ACB9-B31A-48D7-B836-D85BDCE753DE}.Debug|iPhone.ActiveCfg = Debug|Any CPU
		{F129ACB9-B31A-48D7-B836-D85BDCE753DE}.Debug|iPhone.Build.0 = Debug|Any CPU
		{F129ACB9-B31A-48D7-B836-D85BDCE753DE}.Debug|iPhone.Deploy.0 = Debug|Any CPU
		{F129ACB9-B31A-48D7-B836-D85BDCE753DE}.Debug|iPhoneSimulator.ActiveCfg = Debug|Any CPU
		{F129ACB9-B31A-48D7-B836-D85BDCE753DE}.Debug|iPhoneSimulator.Build.0 = Debug|Any CPU
		{F129ACB9-B31A-48D7-B836-D85BDCE753DE}.Debug|iPhoneSimulator.Deploy.0 = Debug|Any CPU
		{F129ACB9-B31A-48D7-B836-D85BDCE753DE}.Debug|x64.ActiveCfg = Debug|Any CPU
		{F129ACB9-B31A-48D7-B836-D85BDCE753DE}.Debug|x64.Build.0 = Debug|Any CPU
		{F129ACB9-B31A-48D7-B836-D85BDCE753DE}.Debug|x64.Deploy.0 = Debug|Any CPU
		{F129ACB9-B31A-48D7-B836-D85BDCE753DE}.Debug|x86.ActiveCfg = Debug|Any CPU
		{F129ACB9-B31A-48D7-B836-D85BDCE753DE}.Debug|x86.Build.0 = Debug|Any CPU
		{F129ACB9-B31A-48D7-B836-D85BDCE753DE}.Debug|x86.Deploy.0 = Debug|Any CPU
		{F129ACB9-B31A-48D7-B836-D85BDCE753DE}.Release|Any CPU.ActiveCfg = Release|Any CPU
		{F129ACB9-B31A-48D7-B836-D85BDCE753DE}.Release|Any CPU.Build.0 = Release|Any CPU
		{F129ACB9-B31A-48D7-B836-D85BDCE753DE}.Release|Any CPU.Deploy.0 = Release|Any CPU
		{F129ACB9-B31A-48D7-B836-D85BDCE753DE}.Release|ARM.ActiveCfg = Release|Any CPU
		{F129ACB9-B31A-48D7-B836-D85BDCE753DE}.Release|ARM.Build.0 = Release|Any CPU
		{F129ACB9-B31A-48D7-B836-D85BDCE753DE}.Release|ARM.Deploy.0 = Release|Any CPU
		{F129ACB9-B31A-48D7-B836-D85BDCE753DE}.Release|iPhone.ActiveCfg = Release|Any CPU
		{F129ACB9-B31A-48D7-B836-D85BDCE753DE}.Release|iPhone.Build.0 = Release|Any CPU
		{F129ACB9-B31A-48D7-B836-D85BDCE753DE}.Release|iPhone.Deploy.0 = Release|Any CPU
		{F129ACB9-B31A-48D7-B836-D85BDCE753DE}.Release|iPhoneSimulator.ActiveCfg = Release|Any CPU
		{F129ACB9-B31A-48D7-B836-D85BDCE753DE}.Release|iPhoneSimulator.Build.0 = Release|Any CPU
		{F129ACB9-B31A-48D7-B836-D85BDCE753DE}.Release|iPhoneSimulator.Deploy.0 = Release|Any CPU
		{F129ACB9-B31A-48D7-B836-D85BDCE753DE}.Release|x64.ActiveCfg = Release|Any CPU
		{F129ACB9-B31A-48D7-B836-D85BDCE753DE}.Release|x64.Build.0 = Release|Any CPU
		{F129ACB9-B31A-48D7-B836-D85BDCE753DE}.Release|x64.Deploy.0 = Release|Any CPU
		{F129ACB9-B31A-48D7-B836-D85BDCE753DE}.Release|x86.ActiveCfg = Release|Any CPU
		{F129ACB9-B31A-48D7-B836-D85BDCE753DE}.Release|x86.Build.0 = Release|Any CPU
		{F129ACB9-B31A-48D7-B836-D85BDCE753DE}.Release|x86.Deploy.0 = Release|Any CPU
		{232EA898-3857-438D-8042-A9424B3DFA77}.Debug|Any CPU.ActiveCfg = Debug|iPhoneSimulator
		{232EA898-3857-438D-8042-A9424B3DFA77}.Debug|Any CPU.Build.0 = Debug|iPhoneSimulator
		{232EA898-3857-438D-8042-A9424B3DFA77}.Debug|Any CPU.Deploy.0 = Debug|iPhoneSimulator
		{232EA898-3857-438D-8042-A9424B3DFA77}.Debug|ARM.ActiveCfg = Debug|iPhoneSimulator
		{232EA898-3857-438D-8042-A9424B3DFA77}.Debug|ARM.Build.0 = Debug|iPhoneSimulator
		{232EA898-3857-438D-8042-A9424B3DFA77}.Debug|ARM.Deploy.0 = Debug|iPhoneSimulator
		{232EA898-3857-438D-8042-A9424B3DFA77}.Debug|iPhone.ActiveCfg = Debug|iPhone
		{232EA898-3857-438D-8042-A9424B3DFA77}.Debug|iPhone.Build.0 = Debug|iPhone
		{232EA898-3857-438D-8042-A9424B3DFA77}.Debug|iPhone.Deploy.0 = Debug|iPhone
		{232EA898-3857-438D-8042-A9424B3DFA77}.Debug|iPhoneSimulator.ActiveCfg = Debug|iPhoneSimulator
		{232EA898-3857-438D-8042-A9424B3DFA77}.Debug|iPhoneSimulator.Build.0 = Debug|iPhoneSimulator
		{232EA898-3857-438D-8042-A9424B3DFA77}.Debug|iPhoneSimulator.Deploy.0 = Debug|iPhoneSimulator
		{232EA898-3857-438D-8042-A9424B3DFA77}.Debug|x64.ActiveCfg = Debug|iPhone
		{232EA898-3857-438D-8042-A9424B3DFA77}.Debug|x64.Build.0 = Debug|iPhone
		{232EA898-3857-438D-8042-A9424B3DFA77}.Debug|x64.Deploy.0 = Debug|iPhone
		{232EA898-3857-438D-8042-A9424B3DFA77}.Debug|x86.ActiveCfg = Debug|iPhoneSimulator
		{232EA898-3857-438D-8042-A9424B3DFA77}.Debug|x86.Build.0 = Debug|iPhoneSimulator
		{232EA898-3857-438D-8042-A9424B3DFA77}.Debug|x86.Deploy.0 = Debug|iPhoneSimulator
		{232EA898-3857-438D-8042-A9424B3DFA77}.Release|Any CPU.ActiveCfg = Release|iPhoneSimulator
		{232EA898-3857-438D-8042-A9424B3DFA77}.Release|Any CPU.Build.0 = Release|iPhoneSimulator
		{232EA898-3857-438D-8042-A9424B3DFA77}.Release|Any CPU.Deploy.0 = Release|iPhoneSimulator
		{232EA898-3857-438D-8042-A9424B3DFA77}.Release|ARM.ActiveCfg = Release|iPhoneSimulator
		{232EA898-3857-438D-8042-A9424B3DFA77}.Release|ARM.Build.0 = Release|iPhoneSimulator
		{232EA898-3857-438D-8042-A9424B3DFA77}.Release|ARM.Deploy.0 = Release|iPhoneSimulator
		{232EA898-3857-438D-8042-A9424B3DFA77}.Release|iPhone.ActiveCfg = Release|iPhone
		{232EA898-3857-438D-8042-A9424B3DFA77}.Release|iPhone.Build.0 = Release|iPhone
		{232EA898-3857-438D-8042-A9424B3DFA77}.Release|iPhone.Deploy.0 = Release|iPhone
		{232EA898-3857-438D-8042-A9424B3DFA77}.Release|iPhoneSimulator.ActiveCfg = Release|iPhoneSimulator
		{232EA898-3857-438D-8042-A9424B3DFA77}.Release|iPhoneSimulator.Build.0 = Release|iPhoneSimulator
		{232EA898-3857-438D-8042-A9424B3DFA77}.Release|iPhoneSimulator.Deploy.0 = Release|iPhoneSimulator
		{232EA898-3857-438D-8042-A9424B3DFA77}.Release|x64.ActiveCfg = Release|iPhoneSimulator
		{232EA898-3857-438D-8042-A9424B3DFA77}.Release|x64.Build.0 = Release|iPhoneSimulator
		{232EA898-3857-438D-8042-A9424B3DFA77}.Release|x64.Deploy.0 = Release|iPhoneSimulator
		{232EA898-3857-438D-8042-A9424B3DFA77}.Release|x86.ActiveCfg = Release|iPhoneSimulator
		{232EA898-3857-438D-8042-A9424B3DFA77}.Release|x86.Build.0 = Release|iPhoneSimulator
		{232EA898-3857-438D-8042-A9424B3DFA77}.Release|x86.Deploy.0 = Release|iPhoneSimulator
		{C4EA1EB8-FCD6-4E54-A2AD-1EB7E55BA2C5}.Debug|Any CPU.ActiveCfg = Debug|Any CPU
		{C4EA1EB8-FCD6-4E54-A2AD-1EB7E55BA2C5}.Debug|Any CPU.Build.0 = Debug|Any CPU
		{C4EA1EB8-FCD6-4E54-A2AD-1EB7E55BA2C5}.Debug|Any CPU.Deploy.0 = Debug|Any CPU
		{C4EA1EB8-FCD6-4E54-A2AD-1EB7E55BA2C5}.Debug|ARM.ActiveCfg = Debug|Any CPU
		{C4EA1EB8-FCD6-4E54-A2AD-1EB7E55BA2C5}.Debug|ARM.Build.0 = Debug|Any CPU
		{C4EA1EB8-FCD6-4E54-A2AD-1EB7E55BA2C5}.Debug|ARM.Deploy.0 = Debug|Any CPU
		{C4EA1EB8-FCD6-4E54-A2AD-1EB7E55BA2C5}.Debug|iPhone.ActiveCfg = Debug|Any CPU
		{C4EA1EB8-FCD6-4E54-A2AD-1EB7E55BA2C5}.Debug|iPhone.Build.0 = Debug|Any CPU
		{C4EA1EB8-FCD6-4E54-A2AD-1EB7E55BA2C5}.Debug|iPhone.Deploy.0 = Debug|Any CPU
		{C4EA1EB8-FCD6-4E54-A2AD-1EB7E55BA2C5}.Debug|iPhoneSimulator.ActiveCfg = Debug|Any CPU
		{C4EA1EB8-FCD6-4E54-A2AD-1EB7E55BA2C5}.Debug|iPhoneSimulator.Build.0 = Debug|Any CPU
		{C4EA1EB8-FCD6-4E54-A2AD-1EB7E55BA2C5}.Debug|iPhoneSimulator.Deploy.0 = Debug|Any CPU
		{C4EA1EB8-FCD6-4E54-A2AD-1EB7E55BA2C5}.Debug|x64.ActiveCfg = Debug|Any CPU
		{C4EA1EB8-FCD6-4E54-A2AD-1EB7E55BA2C5}.Debug|x64.Build.0 = Debug|Any CPU
		{C4EA1EB8-FCD6-4E54-A2AD-1EB7E55BA2C5}.Debug|x64.Deploy.0 = Debug|Any CPU
		{C4EA1EB8-FCD6-4E54-A2AD-1EB7E55BA2C5}.Debug|x86.ActiveCfg = Debug|Any CPU
		{C4EA1EB8-FCD6-4E54-A2AD-1EB7E55BA2C5}.Debug|x86.Build.0 = Debug|Any CPU
		{C4EA1EB8-FCD6-4E54-A2AD-1EB7E55BA2C5}.Debug|x86.Deploy.0 = Debug|Any CPU
		{C4EA1EB8-FCD6-4E54-A2AD-1EB7E55BA2C5}.Release|Any CPU.ActiveCfg = Release|Any CPU
		{C4EA1EB8-FCD6-4E54-A2AD-1EB7E55BA2C5}.Release|Any CPU.Build.0 = Release|Any CPU
		{C4EA1EB8-FCD6-4E54-A2AD-1EB7E55BA2C5}.Release|Any CPU.Deploy.0 = Release|Any CPU
		{C4EA1EB8-FCD6-4E54-A2AD-1EB7E55BA2C5}.Release|ARM.ActiveCfg = Release|Any CPU
		{C4EA1EB8-FCD6-4E54-A2AD-1EB7E55BA2C5}.Release|ARM.Build.0 = Release|Any CPU
		{C4EA1EB8-FCD6-4E54-A2AD-1EB7E55BA2C5}.Release|ARM.Deploy.0 = Release|Any CPU
		{C4EA1EB8-FCD6-4E54-A2AD-1EB7E55BA2C5}.Release|iPhone.ActiveCfg = Release|Any CPU
		{C4EA1EB8-FCD6-4E54-A2AD-1EB7E55BA2C5}.Release|iPhone.Build.0 = Release|Any CPU
		{C4EA1EB8-FCD6-4E54-A2AD-1EB7E55BA2C5}.Release|iPhone.Deploy.0 = Release|Any CPU
		{C4EA1EB8-FCD6-4E54-A2AD-1EB7E55BA2C5}.Release|iPhoneSimulator.ActiveCfg = Release|Any CPU
		{C4EA1EB8-FCD6-4E54-A2AD-1EB7E55BA2C5}.Release|iPhoneSimulator.Build.0 = Release|Any CPU
		{C4EA1EB8-FCD6-4E54-A2AD-1EB7E55BA2C5}.Release|iPhoneSimulator.Deploy.0 = Release|Any CPU
		{C4EA1EB8-FCD6-4E54-A2AD-1EB7E55BA2C5}.Release|x64.ActiveCfg = Release|Any CPU
		{C4EA1EB8-FCD6-4E54-A2AD-1EB7E55BA2C5}.Release|x64.Build.0 = Release|Any CPU
		{C4EA1EB8-FCD6-4E54-A2AD-1EB7E55BA2C5}.Release|x64.Deploy.0 = Release|Any CPU
		{C4EA1EB8-FCD6-4E54-A2AD-1EB7E55BA2C5}.Release|x86.ActiveCfg = Release|Any CPU
		{C4EA1EB8-FCD6-4E54-A2AD-1EB7E55BA2C5}.Release|x86.Build.0 = Release|Any CPU
		{C4EA1EB8-FCD6-4E54-A2AD-1EB7E55BA2C5}.Release|x86.Deploy.0 = Release|Any CPU
	EndGlobalSection
	GlobalSection(SolutionProperties) = preSolution
		HideSolutionNode = FALSE
	EndGlobalSection
	GlobalSection(ExtensibilityGlobals) = postSolution
		SolutionGuid = {94A24E6C-FEB6-46EB-BFCC-6FF74E35A63E}
	EndGlobalSection
EndGlobal
